
Microsoft Visual Studio Solution File, Format Version 12.00
# Visual Studio Version 17
VisualStudioVersion = 17.5.002.0
MinimumVisualStudioVersion = 10.0.40219.1
Project("{9A19103F-16F7-4668-BE54-9A1E7A4F7556}") = "REST_API", "REST_API.csproj", "{0B22C660-0C15-4B0E-B004-4ABE3123F28E}"
EndProject
Global
	GlobalSection(SolutionConfigurationPlatforms) = preSolution
		Debug|Any CPU = Debug|Any CPU
		Release|Any CPU = Release|Any CPU
	EndGlobalSection
	GlobalSection(ProjectConfigurationPlatforms) = postSolution
		{0B22C660-0C15-4B0E-B004-4ABE3123F28E}.Debug|Any CPU.ActiveCfg = Debug|Any CPU
		{0B22C660-0C15-4B0E-B004-4ABE3123F28E}.Debug|Any CPU.Build.0 = Debug|Any CPU
		{0B22C660-0C15-4B0E-B004-4ABE3123F28E}.Release|Any CPU.ActiveCfg = Release|Any CPU
		{0B22C660-0C15-4B0E-B004-4ABE3123F28E}.Release|Any CPU.Build.0 = Release|Any CPU
	EndGlobalSection
	GlobalSection(SolutionProperties) = preSolution
		HideSolutionNode = FALSE
	EndGlobalSection
	GlobalSection(ExtensibilityGlobals) = postSolution
		SolutionGuid = {1D18E1BB-E245-4402-BC46-3D3E383A0AE8}
	EndGlobalSection
EndGlobal
